
Microsoft Visual Studio Solution File, Format Version 12.00
# Visual Studio 14
VisualStudioVersion = 14.0.25420.1
MinimumVisualStudioVersion = 10.0.40219.1
Project("{FAE04EC0-301F-11D3-BF4B-00C04F79EFBC}") = "Plug", "Plug\Plug.csproj", "{83D76266-DBD0-41E0-B407-3BE3B2E9D1AE}"
EndProject
Project("{FAE04EC0-301F-11D3-BF4B-00C04F79EFBC}") = "Plug.Tests", "Plug.Tests\Plug.Tests.csproj", "{EDDFF59A-B74D-48F1-940D-127E744B81DB}"
EndProject
Project("{FAE04EC0-301F-11D3-BF4B-00C04F79EFBC}") = "Plug.Web.MVC", "Plug.Web.MVC\Plug.Web.MVC.csproj", "{30B5B4A4-8D6D-477F-9590-9196F1A72030}"
EndProject
Global
	GlobalSection(SolutionConfigurationPlatforms) = preSolution
		Debug|Any CPU = Debug|Any CPU
		Release|Any CPU = Release|Any CPU
	EndGlobalSection
	GlobalSection(ProjectConfigurationPlatforms) = postSolution
		{83D76266-DBD0-41E0-B407-3BE3B2E9D1AE}.Debug|Any CPU.ActiveCfg = Debug|Any CPU
		{83D76266-DBD0-41E0-B407-3BE3B2E9D1AE}.Debug|Any CPU.Build.0 = Debug|Any CPU
		{83D76266-DBD0-41E0-B407-3BE3B2E9D1AE}.Release|Any CPU.ActiveCfg = Release|Any CPU
		{83D76266-DBD0-41E0-B407-3BE3B2E9D1AE}.Release|Any CPU.Build.0 = Release|Any CPU
		{EDDFF59A-B74D-48F1-940D-127E744B81DB}.Debug|Any CPU.ActiveCfg = Debug|Any CPU
		{EDDFF59A-B74D-48F1-940D-127E744B81DB}.Debug|Any CPU.Build.0 = Debug|Any CPU
		{EDDFF59A-B74D-48F1-940D-127E744B81DB}.Release|Any CPU.ActiveCfg = Release|Any CPU
		{EDDFF59A-B74D-48F1-940D-127E744B81DB}.Release|Any CPU.Build.0 = Release|Any CPU
		{30B5B4A4-8D6D-477F-9590-9196F1A72030}.Debug|Any CPU.ActiveCfg = Debug|Any CPU
		{30B5B4A4-8D6D-477F-9590-9196F1A72030}.Debug|Any CPU.Build.0 = Debug|Any CPU
		{30B5B4A4-8D6D-477F-9590-9196F1A72030}.Release|Any CPU.ActiveCfg = Release|Any CPU
		{30B5B4A4-8D6D-477F-9590-9196F1A72030}.Release|Any CPU.Build.0 = Release|Any CPU
	EndGlobalSection
	GlobalSection(SolutionProperties) = preSolution
		HideSolutionNode = FALSE
	EndGlobalSection
EndGlobal
